// !$*UTF8*$!
{
	archiveVersion = 1;
	classes = {
	};
	objectVersion = 56;
	objects = {

/* Begin PBXBuildFile section */
		172C1F142A3F41D90092F5F0 /* PlaceDetailViewController.swift in Sources */ = {isa = PBXBuildFile; fileRef = 172C1F122A3F41D90092F5F0 /* PlaceDetailViewController.swift */; };
		172C1F152A3F41D90092F5F0 /* PlaceDetailViewController.xib in Resources */ = {isa = PBXBuildFile; fileRef = 172C1F132A3F41D90092F5F0 /* PlaceDetailViewController.xib */; };
		172C1F172A3F41EC0092F5F0 /* PlaceDetail.swift in Sources */ = {isa = PBXBuildFile; fileRef = 172C1F162A3F41EC0092F5F0 /* PlaceDetail.swift */; };
		1736D7452A388E8C003DE43D /* ProfileViewController.swift in Sources */ = {isa = PBXBuildFile; fileRef = 1736D7432A388E8C003DE43D /* ProfileViewController.swift */; };
		1736D7462A388E8C003DE43D /* ProfileViewController.xib in Resources */ = {isa = PBXBuildFile; fileRef = 1736D7442A388E8C003DE43D /* ProfileViewController.xib */; };
		17449B522A514FCE00737F0E /* GoogleService-Info.plist in Resources */ = {isa = PBXBuildFile; fileRef = 17449B512A514FCE00737F0E /* GoogleService-Info.plist */; };
		17449B562A51588D00737F0E /* FirebaseAuth in Frameworks */ = {isa = PBXBuildFile; productRef = 17449B552A51588D00737F0E /* FirebaseAuth */; };
		17449B582A5158A000737F0E /* FirebaseStorage in Frameworks */ = {isa = PBXBuildFile; productRef = 17449B572A5158A000737F0E /* FirebaseStorage */; };
		17449B5A2A5158A600737F0E /* FirebaseDatabase in Frameworks */ = {isa = PBXBuildFile; productRef = 17449B592A5158A600737F0E /* FirebaseDatabase */; };
		1744A8EB2A6AC216004A14EE /* EmergencyCalls.swift in Sources */ = {isa = PBXBuildFile; fileRef = 1744A8EA2A6AC216004A14EE /* EmergencyCalls.swift */; };
		175531BF2A598A27006245CD /* PlacesCategoryViewModel.swift in Sources */ = {isa = PBXBuildFile; fileRef = 175531BE2A598A27006245CD /* PlacesCategoryViewModel.swift */; };
		1759A0F82A52927300284B5D /* FavoriteViewController.swift in Sources */ = {isa = PBXBuildFile; fileRef = 1759A0F62A52927300284B5D /* FavoriteViewController.swift */; };
		1759A0F92A52927300284B5D /* FavoriteViewController.xib in Resources */ = {isa = PBXBuildFile; fileRef = 1759A0F72A52927300284B5D /* FavoriteViewController.xib */; };
		1759A1022A529B2D00284B5D /* Tourist.xcdatamodeld in Sources */ = {isa = PBXBuildFile; fileRef = 1759A1002A529B2D00284B5D /* Tourist.xcdatamodeld */; };
		1759B14D2A39C21A004F0192 /* PlaceCategoryModel.swift in Sources */ = {isa = PBXBuildFile; fileRef = 1759B14C2A39C21A004F0192 /* PlaceCategoryModel.swift */; };
		1759B14F2A39C3EE004F0192 /* CategoryService.swift in Sources */ = {isa = PBXBuildFile; fileRef = 1759B14E2A39C3EE004F0192 /* CategoryService.swift */; };
		1759B15F2A3B0B7B004F0192 /* PlacesViewController.swift in Sources */ = {isa = PBXBuildFile; fileRef = 1759B15D2A3B0B7B004F0192 /* PlacesViewController.swift */; };
		1759B1602A3B0B7B004F0192 /* PlacesViewController.xib in Resources */ = {isa = PBXBuildFile; fileRef = 1759B15E2A3B0B7B004F0192 /* PlacesViewController.xib */; };
		1759B1622A3B1929004F0192 /* PlaceService.swift in Sources */ = {isa = PBXBuildFile; fileRef = 1759B1612A3B1929004F0192 /* PlaceService.swift */; };
		1759B1672A3B4533004F0192 /* PlaceTableViewCell.swift in Sources */ = {isa = PBXBuildFile; fileRef = 1759B1652A3B4533004F0192 /* PlaceTableViewCell.swift */; };
		1759B1682A3B4533004F0192 /* PlacesTableViewCell.xib in Resources */ = {isa = PBXBuildFile; fileRef = 1759B1662A3B4533004F0192 /* PlacesTableViewCell.xib */; };
		176FF0E82A38857D0035157E /* MainTabberViewController.swift in Sources */ = {isa = PBXBuildFile; fileRef = 176FF0E72A38857D0035157E /* MainTabberViewController.swift */; };
		1793AC962A3F10FC00228950 /* ShowOnMapViewController.swift in Sources */ = {isa = PBXBuildFile; fileRef = 1793AC942A3F10FC00228950 /* ShowOnMapViewController.swift */; };
		1793AC972A3F10FC00228950 /* ShowOnMapViewController.xib in Resources */ = {isa = PBXBuildFile; fileRef = 1793AC952A3F10FC00228950 /* ShowOnMapViewController.xib */; };
		17946D662A54908A00531EA4 /* FavoriteViewModel.swift in Sources */ = {isa = PBXBuildFile; fileRef = 17946D652A54908A00531EA4 /* FavoriteViewModel.swift */; };
		17946D682A54911200531EA4 /* FavoritePlace.swift in Sources */ = {isa = PBXBuildFile; fileRef = 17946D672A54911200531EA4 /* FavoritePlace.swift */; };
		179934BA2A45C7D6008B298A /* ProfileModel.swift in Sources */ = {isa = PBXBuildFile; fileRef = 179934B92A45C7D6008B298A /* ProfileModel.swift */; };
		179C07412A598BE200C62CBC /* PlacesCategoryViewController.swift in Sources */ = {isa = PBXBuildFile; fileRef = 179C073F2A598BE200C62CBC /* PlacesCategoryViewController.swift */; };
		179C07422A598BE200C62CBC /* PlacesCategoryViewController.xib in Resources */ = {isa = PBXBuildFile; fileRef = 179C07402A598BE200C62CBC /* PlacesCategoryViewController.xib */; };
		17A012842A41E9CA0090CE18 /* PlaceDetailService.swift in Sources */ = {isa = PBXBuildFile; fileRef = 17A012832A41E9CA0090CE18 /* PlaceDetailService.swift */; };
		17A8ADC62A69169100CB9123 /* FirebaseFirestore in Frameworks */ = {isa = PBXBuildFile; productRef = 17A8ADC52A69169100CB9123 /* FirebaseFirestore */; };
		17A8ADC92A69285400CB9123 /* ProfileViewModel.swift in Sources */ = {isa = PBXBuildFile; fileRef = 17A8ADC82A69285400CB9123 /* ProfileViewModel.swift */; };
		17AD84DE2A5CA55E00B0E877 /* PlacesViewModel.swift in Sources */ = {isa = PBXBuildFile; fileRef = 17AD84DD2A5CA55E00B0E877 /* PlacesViewModel.swift */; };
		17BEFCEB2A389DB600430510 /* Place.swift in Sources */ = {isa = PBXBuildFile; fileRef = 17BEFCEA2A389DB600430510 /* Place.swift */; };
		17BEFCFD2A38A06900430510 /* Alamofire in Frameworks */ = {isa = PBXBuildFile; productRef = 17BEFCFC2A38A06900430510 /* Alamofire */; };
		17BEFD022A38BBCC00430510 /* Urls.swift in Sources */ = {isa = PBXBuildFile; fileRef = 17BEFD012A38BBCC00430510 /* Urls.swift */; };
		17C771E82A5FDEC700887451 /* ShowPlaceOnMapViewController.swift in Sources */ = {isa = PBXBuildFile; fileRef = 17C771E62A5FDEC700887451 /* ShowPlaceOnMapViewController.swift */; };
		17C771E92A5FDEC700887451 /* ShowPlaceOnMapViewController.xib in Resources */ = {isa = PBXBuildFile; fileRef = 17C771E72A5FDEC700887451 /* ShowPlaceOnMapViewController.xib */; };
		17C771ED2A60161400887451 /* PlaceCategoryCollectionViewCell.swift in Sources */ = {isa = PBXBuildFile; fileRef = 17C771EB2A60161400887451 /* PlaceCategoryCollectionViewCell.swift */; };
		17C771EE2A60161400887451 /* PlaceCategoryCollectionViewCell.xib in Resources */ = {isa = PBXBuildFile; fileRef = 17C771EC2A60161400887451 /* PlaceCategoryCollectionViewCell.xib */; };
		17D7A7DA2A3731F800844A00 /* AppDelegate.swift in Sources */ = {isa = PBXBuildFile; fileRef = 17D7A7D92A3731F800844A00 /* AppDelegate.swift */; };
		17D7A7DC2A3731F800844A00 /* SceneDelegate.swift in Sources */ = {isa = PBXBuildFile; fileRef = 17D7A7DB2A3731F800844A00 /* SceneDelegate.swift */; };
		17D7A7E32A3731FA00844A00 /* Assets.xcassets in Resources */ = {isa = PBXBuildFile; fileRef = 17D7A7E22A3731FA00844A00 /* Assets.xcassets */; };
		17D7A7E62A3731FA00844A00 /* LaunchScreen.storyboard in Resources */ = {isa = PBXBuildFile; fileRef = 17D7A7E42A3731FA00844A00 /* LaunchScreen.storyboard */; };
		17E256AC2A667AA000179A30 /* Alert.swift in Sources */ = {isa = PBXBuildFile; fileRef = 17E256AB2A667AA000179A30 /* Alert.swift */; };
		17E256AE2A66A10B00179A30 /* String+Ext.swift in Sources */ = {isa = PBXBuildFile; fileRef = 17E256AD2A66A10B00179A30 /* String+Ext.swift */; };
		17E256B72A66D4B500179A30 /* FavoriteTableViewCell.swift in Sources */ = {isa = PBXBuildFile; fileRef = 17E256B52A66D4B500179A30 /* FavoriteTableViewCell.swift */; };
		17E256B82A66D4B500179A30 /* FavoriteTableViewCell.xib in Resources */ = {isa = PBXBuildFile; fileRef = 17E256B62A66D4B500179A30 /* FavoriteTableViewCell.xib */; };
		17E573D62A5FD69A007F6E80 /* FavoriteService.swift in Sources */ = {isa = PBXBuildFile; fileRef = 17E573D52A5FD69A007F6E80 /* FavoriteService.swift */; };
		17E980072A6535DF0063B19D /* UImage+Ext.swift in Sources */ = {isa = PBXBuildFile; fileRef = 17E980062A6535DF0063B19D /* UImage+Ext.swift */; };
		17F78C692A612A17002C8CCE /* PlaceDetailViewModel.swift in Sources */ = {isa = PBXBuildFile; fileRef = 17F78C682A612A17002C8CCE /* PlaceDetailViewModel.swift */; };
/* End PBXBuildFile section */

/* Begin PBXFileReference section */
		172C1F122A3F41D90092F5F0 /* PlaceDetailViewController.swift */ = {isa = PBXFileReference; lastKnownFileType = sourcecode.swift; path = PlaceDetailViewController.swift; sourceTree = "<group>"; };
		172C1F132A3F41D90092F5F0 /* PlaceDetailViewController.xib */ = {isa = PBXFileReference; lastKnownFileType = file.xib; path = PlaceDetailViewController.xib; sourceTree = "<group>"; };
		172C1F162A3F41EC0092F5F0 /* PlaceDetail.swift */ = {isa = PBXFileReference; lastKnownFileType = sourcecode.swift; path = PlaceDetail.swift; sourceTree = "<group>"; };
		1736D7432A388E8C003DE43D /* ProfileViewController.swift */ = {isa = PBXFileReference; lastKnownFileType = sourcecode.swift; path = ProfileViewController.swift; sourceTree = "<group>"; };
		1736D7442A388E8C003DE43D /* ProfileViewController.xib */ = {isa = PBXFileReference; lastKnownFileType = file.xib; path = ProfileViewController.xib; sourceTree = "<group>"; };
		17449B512A514FCE00737F0E /* GoogleService-Info.plist */ = {isa = PBXFileReference; fileEncoding = 4; lastKnownFileType = text.plist.xml; path = "GoogleService-Info.plist"; sourceTree = "<group>"; };
		1744A8EA2A6AC216004A14EE /* EmergencyCalls.swift */ = {isa = PBXFileReference; lastKnownFileType = sourcecode.swift; path = EmergencyCalls.swift; sourceTree = "<group>"; };
		175531BE2A598A27006245CD /* PlacesCategoryViewModel.swift */ = {isa = PBXFileReference; lastKnownFileType = sourcecode.swift; path = PlacesCategoryViewModel.swift; sourceTree = "<group>"; };
		1759A0F62A52927300284B5D /* FavoriteViewController.swift */ = {isa = PBXFileReference; lastKnownFileType = sourcecode.swift; path = FavoriteViewController.swift; sourceTree = "<group>"; };
		1759A0F72A52927300284B5D /* FavoriteViewController.xib */ = {isa = PBXFileReference; lastKnownFileType = file.xib; path = FavoriteViewController.xib; sourceTree = "<group>"; };
		1759A1012A529B2D00284B5D /* Favorite.xcdatamodel */ = {isa = PBXFileReference; lastKnownFileType = wrapper.xcdatamodel; path = Favorite.xcdatamodel; sourceTree = "<group>"; };
		1759B14C2A39C21A004F0192 /* PlaceCategoryModel.swift */ = {isa = PBXFileReference; lastKnownFileType = sourcecode.swift; path = PlaceCategoryModel.swift; sourceTree = "<group>"; };
		1759B14E2A39C3EE004F0192 /* CategoryService.swift */ = {isa = PBXFileReference; lastKnownFileType = sourcecode.swift; path = CategoryService.swift; sourceTree = "<group>"; };
		1759B15D2A3B0B7B004F0192 /* PlacesViewController.swift */ = {isa = PBXFileReference; lastKnownFileType = sourcecode.swift; path = PlacesViewController.swift; sourceTree = "<group>"; };
		1759B15E2A3B0B7B004F0192 /* PlacesViewController.xib */ = {isa = PBXFileReference; lastKnownFileType = file.xib; path = PlacesViewController.xib; sourceTree = "<group>"; };
		1759B1612A3B1929004F0192 /* PlaceService.swift */ = {isa = PBXFileReference; lastKnownFileType = sourcecode.swift; path = PlaceService.swift; sourceTree = "<group>"; };
		1759B1652A3B4533004F0192 /* PlaceTableViewCell.swift */ = {isa = PBXFileReference; lastKnownFileType = sourcecode.swift; path = PlaceTableViewCell.swift; sourceTree = "<group>"; };
		1759B1662A3B4533004F0192 /* PlacesTableViewCell.xib */ = {isa = PBXFileReference; lastKnownFileType = file.xib; path = PlacesTableViewCell.xib; sourceTree = "<group>"; };
		176FF0E72A38857D0035157E /* MainTabberViewController.swift */ = {isa = PBXFileReference; lastKnownFileType = sourcecode.swift; path = MainTabberViewController.swift; sourceTree = "<group>"; };
		1793AC942A3F10FC00228950 /* ShowOnMapViewController.swift */ = {isa = PBXFileReference; lastKnownFileType = sourcecode.swift; path = ShowOnMapViewController.swift; sourceTree = "<group>"; };
		1793AC952A3F10FC00228950 /* ShowOnMapViewController.xib */ = {isa = PBXFileReference; lastKnownFileType = file.xib; path = ShowOnMapViewController.xib; sourceTree = "<group>"; };
		17946D652A54908A00531EA4 /* FavoriteViewModel.swift */ = {isa = PBXFileReference; lastKnownFileType = sourcecode.swift; path = FavoriteViewModel.swift; sourceTree = "<group>"; };
		17946D672A54911200531EA4 /* FavoritePlace.swift */ = {isa = PBXFileReference; lastKnownFileType = sourcecode.swift; path = FavoritePlace.swift; sourceTree = "<group>"; };
		179934B92A45C7D6008B298A /* ProfileModel.swift */ = {isa = PBXFileReference; lastKnownFileType = sourcecode.swift; path = ProfileModel.swift; sourceTree = "<group>"; };
		179C073F2A598BE200C62CBC /* PlacesCategoryViewController.swift */ = {isa = PBXFileReference; lastKnownFileType = sourcecode.swift; path = PlacesCategoryViewController.swift; sourceTree = "<group>"; };
		179C07402A598BE200C62CBC /* PlacesCategoryViewController.xib */ = {isa = PBXFileReference; lastKnownFileType = file.xib; path = PlacesCategoryViewController.xib; sourceTree = "<group>"; };
		17A012832A41E9CA0090CE18 /* PlaceDetailService.swift */ = {isa = PBXFileReference; lastKnownFileType = sourcecode.swift; path = PlaceDetailService.swift; sourceTree = "<group>"; };
		17A8ADC82A69285400CB9123 /* ProfileViewModel.swift */ = {isa = PBXFileReference; lastKnownFileType = sourcecode.swift; path = ProfileViewModel.swift; sourceTree = "<group>"; };
		17AD84DD2A5CA55E00B0E877 /* PlacesViewModel.swift */ = {isa = PBXFileReference; lastKnownFileType = sourcecode.swift; path = PlacesViewModel.swift; sourceTree = "<group>"; };
		17BEFCEA2A389DB600430510 /* Place.swift */ = {isa = PBXFileReference; lastKnownFileType = sourcecode.swift; path = Place.swift; sourceTree = "<group>"; };
		17BEFD012A38BBCC00430510 /* Urls.swift */ = {isa = PBXFileReference; lastKnownFileType = sourcecode.swift; path = Urls.swift; sourceTree = "<group>"; };
		17C771E62A5FDEC700887451 /* ShowPlaceOnMapViewController.swift */ = {isa = PBXFileReference; lastKnownFileType = sourcecode.swift; path = ShowPlaceOnMapViewController.swift; sourceTree = "<group>"; };
		17C771E72A5FDEC700887451 /* ShowPlaceOnMapViewController.xib */ = {isa = PBXFileReference; lastKnownFileType = file.xib; path = ShowPlaceOnMapViewController.xib; sourceTree = "<group>"; };
		17C771EB2A60161400887451 /* PlaceCategoryCollectionViewCell.swift */ = {isa = PBXFileReference; lastKnownFileType = sourcecode.swift; path = PlaceCategoryCollectionViewCell.swift; sourceTree = "<group>"; };
		17C771EC2A60161400887451 /* PlaceCategoryCollectionViewCell.xib */ = {isa = PBXFileReference; lastKnownFileType = file.xib; path = PlaceCategoryCollectionViewCell.xib; sourceTree = "<group>"; };
		17D7A7D62A3731F800844A00 /* Tourist.app */ = {isa = PBXFileReference; explicitFileType = wrapper.application; includeInIndex = 0; path = Tourist.app; sourceTree = BUILT_PRODUCTS_DIR; };
		17D7A7D92A3731F800844A00 /* AppDelegate.swift */ = {isa = PBXFileReference; lastKnownFileType = sourcecode.swift; path = AppDelegate.swift; sourceTree = "<group>"; };
		17D7A7DB2A3731F800844A00 /* SceneDelegate.swift */ = {isa = PBXFileReference; lastKnownFileType = sourcecode.swift; path = SceneDelegate.swift; sourceTree = "<group>"; };
		17D7A7E22A3731FA00844A00 /* Assets.xcassets */ = {isa = PBXFileReference; lastKnownFileType = folder.assetcatalog; path = Assets.xcassets; sourceTree = "<group>"; };
		17D7A7E52A3731FA00844A00 /* Base */ = {isa = PBXFileReference; lastKnownFileType = file.storyboard; name = Base; path = Base.lproj/LaunchScreen.storyboard; sourceTree = "<group>"; };
		17D7A7E72A3731FA00844A00 /* Info.plist */ = {isa = PBXFileReference; lastKnownFileType = text.plist.xml; path = Info.plist; sourceTree = "<group>"; };
		17E256AB2A667AA000179A30 /* Alert.swift */ = {isa = PBXFileReference; lastKnownFileType = sourcecode.swift; path = Alert.swift; sourceTree = "<group>"; };
		17E256AD2A66A10B00179A30 /* String+Ext.swift */ = {isa = PBXFileReference; lastKnownFileType = sourcecode.swift; path = "String+Ext.swift"; sourceTree = "<group>"; };
		17E256B52A66D4B500179A30 /* FavoriteTableViewCell.swift */ = {isa = PBXFileReference; lastKnownFileType = sourcecode.swift; path = FavoriteTableViewCell.swift; sourceTree = "<group>"; };
		17E256B62A66D4B500179A30 /* FavoriteTableViewCell.xib */ = {isa = PBXFileReference; lastKnownFileType = file.xib; path = FavoriteTableViewCell.xib; sourceTree = "<group>"; };
		17E573D52A5FD69A007F6E80 /* FavoriteService.swift */ = {isa = PBXFileReference; lastKnownFileType = sourcecode.swift; path = FavoriteService.swift; sourceTree = "<group>"; };
		17E980062A6535DF0063B19D /* UImage+Ext.swift */ = {isa = PBXFileReference; lastKnownFileType = sourcecode.swift; path = "UImage+Ext.swift"; sourceTree = "<group>"; };
		17F78C682A612A17002C8CCE /* PlaceDetailViewModel.swift */ = {isa = PBXFileReference; lastKnownFileType = sourcecode.swift; path = PlaceDetailViewModel.swift; sourceTree = "<group>"; };
/* End PBXFileReference section */

/* Begin PBXFrameworksBuildPhase section */
		17D7A7D32A3731F800844A00 /* Frameworks */ = {
			isa = PBXFrameworksBuildPhase;
			buildActionMask = 2147483647;
			files = (
				17BEFCFD2A38A06900430510 /* Alamofire in Frameworks */,
				17449B562A51588D00737F0E /* FirebaseAuth in Frameworks */,
				17449B5A2A5158A600737F0E /* FirebaseDatabase in Frameworks */,
				17A8ADC62A69169100CB9123 /* FirebaseFirestore in Frameworks */,
				17449B582A5158A000737F0E /* FirebaseStorage in Frameworks */,
			);
			runOnlyForDeploymentPostprocessing = 0;
		};
/* End PBXFrameworksBuildPhase section */

/* Begin PBXGroup section */
		1724B1362A44554700D23318 /* LaunchScreen */ = {
			isa = PBXGroup;
			children = (
				17D7A7E42A3731FA00844A00 /* LaunchScreen.storyboard */,
			);
			path = LaunchScreen;
			sourceTree = "<group>";
		};
		172C1F112A3F41C00092F5F0 /* PlaceDetail */ = {
			isa = PBXGroup;
			children = (
				17E573D72A5FDD82007F6E80 /* View */,
				17E573D82A5FDD87007F6E80 /* ViewModel */,
			);
			path = PlaceDetail;
			sourceTree = "<group>";
		};
		1736D73F2A388E6C003DE43D /* ProfilePage */ = {
			isa = PBXGroup;
			children = (
				1736D7402A388E72003DE43D /* View */,
				17A8ADC72A69284000CB9123 /* ViewModel */,
			);
			path = ProfilePage;
			sourceTree = "<group>";
		};
		1736D7402A388E72003DE43D /* View */ = {
			isa = PBXGroup;
			children = (
				1736D7432A388E8C003DE43D /* ProfileViewController.swift */,
				1736D7442A388E8C003DE43D /* ProfileViewController.xib */,
			);
			path = View;
			sourceTree = "<group>";
		};
		17449B542A51588D00737F0E /* Frameworks */ = {
			isa = PBXGroup;
			children = (
			);
			name = Frameworks;
			sourceTree = "<group>";
		};
		175531BD2A59897E006245CD /* ViewModel */ = {
			isa = PBXGroup;
			children = (
				175531BE2A598A27006245CD /* PlacesCategoryViewModel.swift */,
			);
			path = ViewModel;
			sourceTree = "<group>";
		};
		175531C02A598A41006245CD /* View */ = {
			isa = PBXGroup;
			children = (
				179C073F2A598BE200C62CBC /* PlacesCategoryViewController.swift */,
				179C07402A598BE200C62CBC /* PlacesCategoryViewController.xib */,
			);
			path = View;
			sourceTree = "<group>";
		};
		1759A0F22A52924300284B5D /* FavoritePage */ = {
			isa = PBXGroup;
			children = (
				1759A0F52A52925B00284B5D /* View */,
				17946D642A54907800531EA4 /* ViewModel */,
				1759A0F32A52925100284B5D /* Service */,
			);
			path = FavoritePage;
			sourceTree = "<group>";
		};
		1759A0F32A52925100284B5D /* Service */ = {
			isa = PBXGroup;
			children = (
			);
			path = Service;
			sourceTree = "<group>";
		};
		1759A0F52A52925B00284B5D /* View */ = {
			isa = PBXGroup;
			children = (
				1759A0FF2A5295A600284B5D /* Favorite */,
				17E256B42A66D49A00179A30 /* FavoriteTableViewCell */,
			);
			path = View;
			sourceTree = "<group>";
		};
		1759A0FF2A5295A600284B5D /* Favorite */ = {
			isa = PBXGroup;
			children = (
				1759A0F62A52927300284B5D /* FavoriteViewController.swift */,
				1759A0F72A52927300284B5D /* FavoriteViewController.xib */,
			);
			path = Favorite;
			sourceTree = "<group>";
		};
		1759B1582A3B0B37004F0192 /* PlacesCategory */ = {
			isa = PBXGroup;
			children = (
				175531C02A598A41006245CD /* View */,
				175531BD2A59897E006245CD /* ViewModel */,
				17C771EA2A6015F100887451 /* PlaceCategoryCollectionViewCell */,
			);
			path = PlacesCategory;
			sourceTree = "<group>";
		};
		1759B15A2A3B0B5A004F0192 /* Places */ = {
			isa = PBXGroup;
			children = (
				17AD84DB2A5CA54000B0E877 /* View */,
				17AD84DC2A5CA54600B0E877 /* ViewModel */,
				1759B1692A3B45F5004F0192 /* PlaceTableViewCell */,
			);
			path = Places;
			sourceTree = "<group>";
		};
		1759B1692A3B45F5004F0192 /* PlaceTableViewCell */ = {
			isa = PBXGroup;
			children = (
				1759B1652A3B4533004F0192 /* PlaceTableViewCell.swift */,
				1759B1662A3B4533004F0192 /* PlacesTableViewCell.xib */,
			);
			path = PlaceTableViewCell;
			sourceTree = "<group>";
		};
		176FF0E62A3885460035157E /* Core */ = {
			isa = PBXGroup;
			children = (
				17D7A7D92A3731F800844A00 /* AppDelegate.swift */,
				17D7A7DB2A3731F800844A00 /* SceneDelegate.swift */,
				176FF0E72A38857D0035157E /* MainTabberViewController.swift */,
			);
			path = Core;
			sourceTree = "<group>";
		};
		176FF0F52A3888500035157E /* Helpers */ = {
			isa = PBXGroup;
			children = (
				17E256AA2A667A9000179A30 /* Alert */,
				176FF0F92A38888E0035157E /* Extensions */,
				17BEFD002A38BBAF00430510 /* Constants */,
			);
			path = Helpers;
			sourceTree = "<group>";
		};
		176FF0F62A3888660035157E /* PlacesPage */ = {
			isa = PBXGroup;
			children = (
				1759B1582A3B0B37004F0192 /* PlacesCategory */,
				1759B15A2A3B0B5A004F0192 /* Places */,
				172C1F112A3F41C00092F5F0 /* PlaceDetail */,
				1793AC932A3F10EB00228950 /* ShowPlacesOnMap */,
				1775923B2A4236E900053063 /* ShowPlaceOnMap */,
				17BEFCF82A389F5E00430510 /* Service */,
			);
			path = PlacesPage;
			sourceTree = "<group>";
		};
		176FF0F92A38888E0035157E /* Extensions */ = {
			isa = PBXGroup;
			children = (
				17E980062A6535DF0063B19D /* UImage+Ext.swift */,
				17E256AD2A66A10B00179A30 /* String+Ext.swift */,
			);
			path = Extensions;
			sourceTree = "<group>";
		};
		1775923B2A4236E900053063 /* ShowPlaceOnMap */ = {
			isa = PBXGroup;
			children = (
				17E573DB2A5FDDAA007F6E80 /* View */,
			);
			path = ShowPlaceOnMap;
			sourceTree = "<group>";
		};
		1793AC932A3F10EB00228950 /* ShowPlacesOnMap */ = {
			isa = PBXGroup;
			children = (
				17E573D92A5FDD98007F6E80 /* View */,
			);
			path = ShowPlacesOnMap;
			sourceTree = "<group>";
		};
		17946D642A54907800531EA4 /* ViewModel */ = {
			isa = PBXGroup;
			children = (
				17946D652A54908A00531EA4 /* FavoriteViewModel.swift */,
			);
			path = ViewModel;
			sourceTree = "<group>";
		};
		179C07442A59929300C62CBC /* Model */ = {
			isa = PBXGroup;
			children = (
				17946D672A54911200531EA4 /* FavoritePlace.swift */,
				1759B14C2A39C21A004F0192 /* PlaceCategoryModel.swift */,
				17BEFCEA2A389DB600430510 /* Place.swift */,
				172C1F162A3F41EC0092F5F0 /* PlaceDetail.swift */,
				179934B92A45C7D6008B298A /* ProfileModel.swift */,
				1744A8EA2A6AC216004A14EE /* EmergencyCalls.swift */,
			);
			path = Model;
			sourceTree = "<group>";
		};
		179C07452A5992EF00C62CBC /* Database */ = {
			isa = PBXGroup;
			children = (
				1759A1002A529B2D00284B5D /* Tourist.xcdatamodeld */,
			);
			path = Database;
			sourceTree = "<group>";
		};
		179C07462A59932100C62CBC /* Scene */ = {
			isa = PBXGroup;
			children = (
				176FF0F62A3888660035157E /* PlacesPage */,
				1759A0F22A52924300284B5D /* FavoritePage */,
				1736D73F2A388E6C003DE43D /* ProfilePage */,
			);
			path = Scene;
			sourceTree = "<group>";
		};
		179C07472A59936600C62CBC /* Resource */ = {
			isa = PBXGroup;
			children = (
				17D7A7E22A3731FA00844A00 /* Assets.xcassets */,
			);
			path = Resource;
			sourceTree = "<group>";
		};
		17A8ADC72A69284000CB9123 /* ViewModel */ = {
			isa = PBXGroup;
			children = (
				17A8ADC82A69285400CB9123 /* ProfileViewModel.swift */,
			);
			path = ViewModel;
			sourceTree = "<group>";
		};
		17AD84DB2A5CA54000B0E877 /* View */ = {
			isa = PBXGroup;
			children = (
				1759B15D2A3B0B7B004F0192 /* PlacesViewController.swift */,
				1759B15E2A3B0B7B004F0192 /* PlacesViewController.xib */,
			);
			path = View;
			sourceTree = "<group>";
		};
		17AD84DC2A5CA54600B0E877 /* ViewModel */ = {
			isa = PBXGroup;
			children = (
				17AD84DD2A5CA55E00B0E877 /* PlacesViewModel.swift */,
			);
			path = ViewModel;
			sourceTree = "<group>";
		};
		17BEFCF82A389F5E00430510 /* Service */ = {
			isa = PBXGroup;
			children = (
				1759B14E2A39C3EE004F0192 /* CategoryService.swift */,
				1759B1612A3B1929004F0192 /* PlaceService.swift */,
				17A012832A41E9CA0090CE18 /* PlaceDetailService.swift */,
				17E573D52A5FD69A007F6E80 /* FavoriteService.swift */,
			);
			path = Service;
			sourceTree = "<group>";
		};
		17BEFD002A38BBAF00430510 /* Constants */ = {
			isa = PBXGroup;
			children = (
				17BEFD012A38BBCC00430510 /* Urls.swift */,
			);
			path = Constants;
			sourceTree = "<group>";
		};
		17C771EA2A6015F100887451 /* PlaceCategoryCollectionViewCell */ = {
			isa = PBXGroup;
			children = (
				17C771EB2A60161400887451 /* PlaceCategoryCollectionViewCell.swift */,
				17C771EC2A60161400887451 /* PlaceCategoryCollectionViewCell.xib */,
			);
			path = PlaceCategoryCollectionViewCell;
			sourceTree = "<group>";
		};
		17D7A7CD2A3731F800844A00 = {
			isa = PBXGroup;
			children = (
				17D7A7D82A3731F800844A00 /* Tourist */,
				17D7A7D72A3731F800844A00 /* Products */,
				17449B542A51588D00737F0E /* Frameworks */,
			);
			sourceTree = "<group>";
		};
		17D7A7D72A3731F800844A00 /* Products */ = {
			isa = PBXGroup;
			children = (
				17D7A7D62A3731F800844A00 /* Tourist.app */,
			);
			name = Products;
			sourceTree = "<group>";
		};
		17D7A7D82A3731F800844A00 /* Tourist */ = {
			isa = PBXGroup;
			children = (
				179C07452A5992EF00C62CBC /* Database */,
				179C07462A59932100C62CBC /* Scene */,
				179C07442A59929300C62CBC /* Model */,
				176FF0F52A3888500035157E /* Helpers */,
				176FF0E62A3885460035157E /* Core */,
				1724B1362A44554700D23318 /* LaunchScreen */,
				179C07472A59936600C62CBC /* Resource */,
				17D7A7E72A3731FA00844A00 /* Info.plist */,
				17449B512A514FCE00737F0E /* GoogleService-Info.plist */,
			);
			path = Tourist;
			sourceTree = "<group>";
		};
		17E256AA2A667A9000179A30 /* Alert */ = {
			isa = PBXGroup;
			children = (
				17E256AB2A667AA000179A30 /* Alert.swift */,
			);
			path = Alert;
			sourceTree = "<group>";
		};
		17E256B42A66D49A00179A30 /* FavoriteTableViewCell */ = {
			isa = PBXGroup;
			children = (
				17E256B52A66D4B500179A30 /* FavoriteTableViewCell.swift */,
				17E256B62A66D4B500179A30 /* FavoriteTableViewCell.xib */,
			);
			path = FavoriteTableViewCell;
			sourceTree = "<group>";
		};
		17E573D72A5FDD82007F6E80 /* View */ = {
			isa = PBXGroup;
			children = (
				172C1F122A3F41D90092F5F0 /* PlaceDetailViewController.swift */,
				172C1F132A3F41D90092F5F0 /* PlaceDetailViewController.xib */,
			);
			path = View;
			sourceTree = "<group>";
		};
		17E573D82A5FDD87007F6E80 /* ViewModel */ = {
			isa = PBXGroup;
			children = (
				17F78C682A612A17002C8CCE /* PlaceDetailViewModel.swift */,
			);
			path = ViewModel;
			sourceTree = "<group>";
		};
		17E573D92A5FDD98007F6E80 /* View */ = {
			isa = PBXGroup;
			children = (
				1793AC942A3F10FC00228950 /* ShowOnMapViewController.swift */,
				1793AC952A3F10FC00228950 /* ShowOnMapViewController.xib */,
			);
			path = View;
			sourceTree = "<group>";
		};
		17E573DB2A5FDDAA007F6E80 /* View */ = {
			isa = PBXGroup;
			children = (
				17C771E62A5FDEC700887451 /* ShowPlaceOnMapViewController.swift */,
				17C771E72A5FDEC700887451 /* ShowPlaceOnMapViewController.xib */,
			);
			path = View;
			sourceTree = "<group>";
		};
/* End PBXGroup section */

/* Begin PBXNativeTarget section */
		17D7A7D52A3731F800844A00 /* Tourist */ = {
			isa = PBXNativeTarget;
			buildConfigurationList = 17D7A7EA2A3731FA00844A00 /* Build configuration list for PBXNativeTarget "Tourist" */;
			buildPhases = (
				17D7A7D22A3731F800844A00 /* Sources */,
				17D7A7D32A3731F800844A00 /* Frameworks */,
				17D7A7D42A3731F800844A00 /* Resources */,
			);
			buildRules = (
			);
			dependencies = (
			);
			name = Tourist;
			packageProductDependencies = (
				17BEFCFC2A38A06900430510 /* Alamofire */,
				17449B552A51588D00737F0E /* FirebaseAuth */,
				17449B572A5158A000737F0E /* FirebaseStorage */,
				17449B592A5158A600737F0E /* FirebaseDatabase */,
				17A8ADC52A69169100CB9123 /* FirebaseFirestore */,
			);
			productName = Tourist;
			productReference = 17D7A7D62A3731F800844A00 /* Tourist.app */;
			productType = "com.apple.product-type.application";
		};
/* End PBXNativeTarget section */

/* Begin PBXProject section */
		17D7A7CE2A3731F800844A00 /* Project object */ = {
			isa = PBXProject;
			attributes = {
				BuildIndependentTargetsInParallel = 1;
				LastSwiftUpdateCheck = 1400;
				LastUpgradeCheck = 1400;
				TargetAttributes = {
					17D7A7D52A3731F800844A00 = {
						CreatedOnToolsVersion = 14.0.1;
					};
				};
			};
			buildConfigurationList = 17D7A7D12A3731F800844A00 /* Build configuration list for PBXProject "Tourist" */;
			compatibilityVersion = "Xcode 14.0";
			developmentRegion = en;
			hasScannedForEncodings = 0;
			knownRegions = (
				en,
				Base,
			);
			mainGroup = 17D7A7CD2A3731F800844A00;
			packageReferences = (
				17BEFCFB2A38A06800430510 /* XCRemoteSwiftPackageReference "Alamofire" */,
				17449B532A51502E00737F0E /* XCRemoteSwiftPackageReference "firebase-ios-sdk" */,
			);
			productRefGroup = 17D7A7D72A3731F800844A00 /* Products */;
			projectDirPath = "";
			projectRoot = "";
			targets = (
				17D7A7D52A3731F800844A00 /* Tourist */,
			);
		};
/* End PBXProject section */

/* Begin PBXResourcesBuildPhase section */
		17D7A7D42A3731F800844A00 /* Resources */ = {
			isa = PBXResourcesBuildPhase;
			buildActionMask = 2147483647;
			files = (
				1759B1602A3B0B7B004F0192 /* PlacesViewController.xib in Resources */,
				17C771E92A5FDEC700887451 /* ShowPlaceOnMapViewController.xib in Resources */,
				1759B1682A3B4533004F0192 /* PlacesTableViewCell.xib in Resources */,
				1793AC972A3F10FC00228950 /* ShowOnMapViewController.xib in Resources */,
				17E256B82A66D4B500179A30 /* FavoriteTableViewCell.xib in Resources */,
				17449B522A514FCE00737F0E /* GoogleService-Info.plist in Resources */,
				17C771EE2A60161400887451 /* PlaceCategoryCollectionViewCell.xib in Resources */,
				1759A0F92A52927300284B5D /* FavoriteViewController.xib in Resources */,
				179C07422A598BE200C62CBC /* PlacesCategoryViewController.xib in Resources */,
				172C1F152A3F41D90092F5F0 /* PlaceDetailViewController.xib in Resources */,
				17D7A7E62A3731FA00844A00 /* LaunchScreen.storyboard in Resources */,
				1736D7462A388E8C003DE43D /* ProfileViewController.xib in Resources */,
				17D7A7E32A3731FA00844A00 /* Assets.xcassets in Resources */,
			);
			runOnlyForDeploymentPostprocessing = 0;
		};
/* End PBXResourcesBuildPhase section */

/* Begin PBXSourcesBuildPhase section */
		17D7A7D22A3731F800844A00 /* Sources */ = {
			isa = PBXSourcesBuildPhase;
			buildActionMask = 2147483647;
			files = (
				1736D7452A388E8C003DE43D /* ProfileViewController.swift in Sources */,
				1759B1622A3B1929004F0192 /* PlaceService.swift in Sources */,
				17AD84DE2A5CA55E00B0E877 /* PlacesViewModel.swift in Sources */,
				1759B14D2A39C21A004F0192 /* PlaceCategoryModel.swift in Sources */,
				1759B1672A3B4533004F0192 /* PlaceTableViewCell.swift in Sources */,
				1759B14F2A39C3EE004F0192 /* CategoryService.swift in Sources */,
				176FF0E82A38857D0035157E /* MainTabberViewController.swift in Sources */,
				17A012842A41E9CA0090CE18 /* PlaceDetailService.swift in Sources */,
				1744A8EB2A6AC216004A14EE /* EmergencyCalls.swift in Sources */,
				17BEFCEB2A389DB600430510 /* Place.swift in Sources */,
				17946D682A54911200531EA4 /* FavoritePlace.swift in Sources */,
				17D7A7DA2A3731F800844A00 /* AppDelegate.swift in Sources */,
				17E980072A6535DF0063B19D /* UImage+Ext.swift in Sources */,
				17E256B72A66D4B500179A30 /* FavoriteTableViewCell.swift in Sources */,
				1759B15F2A3B0B7B004F0192 /* PlacesViewController.swift in Sources */,
				17E573D62A5FD69A007F6E80 /* FavoriteService.swift in Sources */,
				17D7A7DC2A3731F800844A00 /* SceneDelegate.swift in Sources */,
				17E256AE2A66A10B00179A30 /* String+Ext.swift in Sources */,
				17C771ED2A60161400887451 /* PlaceCategoryCollectionViewCell.swift in Sources */,
				1793AC962A3F10FC00228950 /* ShowOnMapViewController.swift in Sources */,
				17F78C692A612A17002C8CCE /* PlaceDetailViewModel.swift in Sources */,
				1759A1022A529B2D00284B5D /* Tourist.xcdatamodeld in Sources */,
				179934BA2A45C7D6008B298A /* ProfileModel.swift in Sources */,
				17A8ADC92A69285400CB9123 /* ProfileViewModel.swift in Sources */,
				1759A0F82A52927300284B5D /* FavoriteViewController.swift in Sources */,
				175531BF2A598A27006245CD /* PlacesCategoryViewModel.swift in Sources */,
				172C1F142A3F41D90092F5F0 /* PlaceDetailViewController.swift in Sources */,
				17946D662A54908A00531EA4 /* FavoriteViewModel.swift in Sources */,
				172C1F172A3F41EC0092F5F0 /* PlaceDetail.swift in Sources */,
				17E256AC2A667AA000179A30 /* Alert.swift in Sources */,
				17BEFD022A38BBCC00430510 /* Urls.swift in Sources */,
				179C07412A598BE200C62CBC /* PlacesCategoryViewController.swift in Sources */,
				17C771E82A5FDEC700887451 /* ShowPlaceOnMapViewController.swift in Sources */,
			);
			runOnlyForDeploymentPostprocessing = 0;
		};
/* End PBXSourcesBuildPhase section */

/* Begin PBXVariantGroup section */
		17D7A7E42A3731FA00844A00 /* LaunchScreen.storyboard */ = {
			isa = PBXVariantGroup;
			children = (
				17D7A7E52A3731FA00844A00 /* Base */,
			);
			name = LaunchScreen.storyboard;
			sourceTree = "<group>";
		};
/* End PBXVariantGroup section */

/* Begin XCBuildConfiguration section */
		17D7A7E82A3731FA00844A00 /* Debug */ = {
			isa = XCBuildConfiguration;
			buildSettings = {
				ALWAYS_SEARCH_USER_PATHS = NO;
				CLANG_ANALYZER_NONNULL = YES;
				CLANG_ANALYZER_NUMBER_OBJECT_CONVERSION = YES_AGGRESSIVE;
				CLANG_CXX_LANGUAGE_STANDARD = "gnu++20";
				CLANG_ENABLE_MODULES = YES;
				CLANG_ENABLE_OBJC_ARC = YES;
				CLANG_ENABLE_OBJC_WEAK = YES;
				CLANG_WARN_BLOCK_CAPTURE_AUTORELEASING = YES;
				CLANG_WARN_BOOL_CONVERSION = YES;
				CLANG_WARN_COMMA = YES;
				CLANG_WARN_CONSTANT_CONVERSION = YES;
				CLANG_WARN_DEPRECATED_OBJC_IMPLEMENTATIONS = YES;
				CLANG_WARN_DIRECT_OBJC_ISA_USAGE = YES_ERROR;
				CLANG_WARN_DOCUMENTATION_COMMENTS = YES;
				CLANG_WARN_EMPTY_BODY = YES;
				CLANG_WARN_ENUM_CONVERSION = YES;
				CLANG_WARN_INFINITE_RECURSION = YES;
				CLANG_WARN_INT_CONVERSION = YES;
				CLANG_WARN_NON_LITERAL_NULL_CONVERSION = YES;
				CLANG_WARN_OBJC_IMPLICIT_RETAIN_SELF = YES;
				CLANG_WARN_OBJC_LITERAL_CONVERSION = YES;
				CLANG_WARN_OBJC_ROOT_CLASS = YES_ERROR;
				CLANG_WARN_QUOTED_INCLUDE_IN_FRAMEWORK_HEADER = YES;
				CLANG_WARN_RANGE_LOOP_ANALYSIS = YES;
				CLANG_WARN_STRICT_PROTOTYPES = YES;
				CLANG_WARN_SUSPICIOUS_MOVE = YES;
				CLANG_WARN_UNGUARDED_AVAILABILITY = YES_AGGRESSIVE;
				CLANG_WARN_UNREACHABLE_CODE = YES;
				CLANG_WARN__DUPLICATE_METHOD_MATCH = YES;
				COPY_PHASE_STRIP = NO;
				DEBUG_INFORMATION_FORMAT = dwarf;
				ENABLE_STRICT_OBJC_MSGSEND = YES;
				ENABLE_TESTABILITY = YES;
				GCC_C_LANGUAGE_STANDARD = gnu11;
				GCC_DYNAMIC_NO_PIC = NO;
				GCC_NO_COMMON_BLOCKS = YES;
				GCC_OPTIMIZATION_LEVEL = 0;
				GCC_PREPROCESSOR_DEFINITIONS = (
					"DEBUG=1",
					"$(inherited)",
				);
				GCC_WARN_64_TO_32_BIT_CONVERSION = YES;
				GCC_WARN_ABOUT_RETURN_TYPE = YES_ERROR;
				GCC_WARN_UNDECLARED_SELECTOR = YES;
				GCC_WARN_UNINITIALIZED_AUTOS = YES_AGGRESSIVE;
				GCC_WARN_UNUSED_FUNCTION = YES;
				GCC_WARN_UNUSED_VARIABLE = YES;
				IPHONEOS_DEPLOYMENT_TARGET = 16.0;
				MTL_ENABLE_DEBUG_INFO = INCLUDE_SOURCE;
				MTL_FAST_MATH = YES;
				ONLY_ACTIVE_ARCH = YES;
				SDKROOT = iphoneos;
				SWIFT_ACTIVE_COMPILATION_CONDITIONS = DEBUG;
				SWIFT_OPTIMIZATION_LEVEL = "-Onone";
			};
			name = Debug;
		};
		17D7A7E92A3731FA00844A00 /* Release */ = {
			isa = XCBuildConfiguration;
			buildSettings = {
				ALWAYS_SEARCH_USER_PATHS = NO;
				CLANG_ANALYZER_NONNULL = YES;
				CLANG_ANALYZER_NUMBER_OBJECT_CONVERSION = YES_AGGRESSIVE;
				CLANG_CXX_LANGUAGE_STANDARD = "gnu++20";
				CLANG_ENABLE_MODULES = YES;
				CLANG_ENABLE_OBJC_ARC = YES;
				CLANG_ENABLE_OBJC_WEAK = YES;
				CLANG_WARN_BLOCK_CAPTURE_AUTORELEASING = YES;
				CLANG_WARN_BOOL_CONVERSION = YES;
				CLANG_WARN_COMMA = YES;
				CLANG_WARN_CONSTANT_CONVERSION = YES;
				CLANG_WARN_DEPRECATED_OBJC_IMPLEMENTATIONS = YES;
				CLANG_WARN_DIRECT_OBJC_ISA_USAGE = YES_ERROR;
				CLANG_WARN_DOCUMENTATION_COMMENTS = YES;
				CLANG_WARN_EMPTY_BODY = YES;
				CLANG_WARN_ENUM_CONVERSION = YES;
				CLANG_WARN_INFINITE_RECURSION = YES;
				CLANG_WARN_INT_CONVERSION = YES;
				CLANG_WARN_NON_LITERAL_NULL_CONVERSION = YES;
				CLANG_WARN_OBJC_IMPLICIT_RETAIN_SELF = YES;
				CLANG_WARN_OBJC_LITERAL_CONVERSION = YES;
				CLANG_WARN_OBJC_ROOT_CLASS = YES_ERROR;
				CLANG_WARN_QUOTED_INCLUDE_IN_FRAMEWORK_HEADER = YES;
				CLANG_WARN_RANGE_LOOP_ANALYSIS = YES;
				CLANG_WARN_STRICT_PROTOTYPES = YES;
				CLANG_WARN_SUSPICIOUS_MOVE = YES;
				CLANG_WARN_UNGUARDED_AVAILABILITY = YES_AGGRESSIVE;
				CLANG_WARN_UNREACHABLE_CODE = YES;
				CLANG_WARN__DUPLICATE_METHOD_MATCH = YES;
				COPY_PHASE_STRIP = NO;
				DEBUG_INFORMATION_FORMAT = "dwarf-with-dsym";
				ENABLE_NS_ASSERTIONS = NO;
				ENABLE_STRICT_OBJC_MSGSEND = YES;
				GCC_C_LANGUAGE_STANDARD = gnu11;
				GCC_NO_COMMON_BLOCKS = YES;
				GCC_WARN_64_TO_32_BIT_CONVERSION = YES;
				GCC_WARN_ABOUT_RETURN_TYPE = YES_ERROR;
				GCC_WARN_UNDECLARED_SELECTOR = YES;
				GCC_WARN_UNINITIALIZED_AUTOS = YES_AGGRESSIVE;
				GCC_WARN_UNUSED_FUNCTION = YES;
				GCC_WARN_UNUSED_VARIABLE = YES;
				IPHONEOS_DEPLOYMENT_TARGET = 16.0;
				MTL_ENABLE_DEBUG_INFO = NO;
				MTL_FAST_MATH = YES;
				SDKROOT = iphoneos;
				SWIFT_COMPILATION_MODE = wholemodule;
				SWIFT_OPTIMIZATION_LEVEL = "-O";
				VALIDATE_PRODUCT = YES;
			};
			name = Release;
		};
		17D7A7EB2A3731FA00844A00 /* Debug */ = {
			isa = XCBuildConfiguration;
			buildSettings = {
				ASSETCATALOG_COMPILER_APPICON_NAME = AppIcon;
				ASSETCATALOG_COMPILER_GLOBAL_ACCENT_COLOR_NAME = AccentColor;
				CODE_SIGN_STYLE = Automatic;
				CURRENT_PROJECT_VERSION = 1;
				DEVELOPMENT_TEAM = UD84BLAXT6;
				GENERATE_INFOPLIST_FILE = YES;
				INFOPLIST_FILE = Tourist/Info.plist;
				INFOPLIST_KEY_UIApplicationSupportsIndirectInputEvents = YES;
				INFOPLIST_KEY_UILaunchStoryboardName = LaunchScreen;
				INFOPLIST_KEY_UISupportedInterfaceOrientations_iPad = "UIInterfaceOrientationPortrait UIInterfaceOrientationPortraitUpsideDown UIInterfaceOrientationLandscapeLeft UIInterfaceOrientationLandscapeRight";
				INFOPLIST_KEY_UISupportedInterfaceOrientations_iPhone = "UIInterfaceOrientationPortrait UIInterfaceOrientationLandscapeLeft UIInterfaceOrientationLandscapeRight";
				LD_RUNPATH_SEARCH_PATHS = (
					"$(inherited)",
					"@executable_path/Frameworks",
				);
				MARKETING_VERSION = 1.0;
				PRODUCT_BUNDLE_IDENTIFIER = com.kiliclimehmetali.Tourist;
				PRODUCT_NAME = "$(TARGET_NAME)";
				SWIFT_EMIT_LOC_STRINGS = YES;
				SWIFT_VERSION = 5.0;
				TARGETED_DEVICE_FAMILY = "1,2";
			};
			name = Debug;
		};
		17D7A7EC2A3731FA00844A00 /* Release */ = {
			isa = XCBuildConfiguration;
			buildSettings = {
				ASSETCATALOG_COMPILER_APPICON_NAME = AppIcon;
				ASSETCATALOG_COMPILER_GLOBAL_ACCENT_COLOR_NAME = AccentColor;
				CODE_SIGN_STYLE = Automatic;
				CURRENT_PROJECT_VERSION = 1;
				DEVELOPMENT_TEAM = UD84BLAXT6;
				GENERATE_INFOPLIST_FILE = YES;
				INFOPLIST_FILE = Tourist/Info.plist;
				INFOPLIST_KEY_UIApplicationSupportsIndirectInputEvents = YES;
				INFOPLIST_KEY_UILaunchStoryboardName = LaunchScreen;
				INFOPLIST_KEY_UISupportedInterfaceOrientations_iPad = "UIInterfaceOrientationPortrait UIInterfaceOrientationPortraitUpsideDown UIInterfaceOrientationLandscapeLeft UIInterfaceOrientationLandscapeRight";
				INFOPLIST_KEY_UISupportedInterfaceOrientations_iPhone = "UIInterfaceOrientationPortrait UIInterfaceOrientationLandscapeLeft UIInterfaceOrientationLandscapeRight";
				LD_RUNPATH_SEARCH_PATHS = (
					"$(inherited)",
					"@executable_path/Frameworks",
				);
				MARKETING_VERSION = 1.0;
				PRODUCT_BUNDLE_IDENTIFIER = com.kiliclimehmetali.Tourist;
				PRODUCT_NAME = "$(TARGET_NAME)";
				SWIFT_EMIT_LOC_STRINGS = YES;
				SWIFT_VERSION = 5.0;
				TARGETED_DEVICE_FAMILY = "1,2";
			};
			name = Release;
		};
/* End XCBuildConfiguration section */

/* Begin XCConfigurationList section */
		17D7A7D12A3731F800844A00 /* Build configuration list for PBXProject "Tourist" */ = {
			isa = XCConfigurationList;
			buildConfigurations = (
				17D7A7E82A3731FA00844A00 /* Debug */,
				17D7A7E92A3731FA00844A00 /* Release */,
			);
			defaultConfigurationIsVisible = 0;
			defaultConfigurationName = Release;
		};
		17D7A7EA2A3731FA00844A00 /* Build configuration list for PBXNativeTarget "Tourist" */ = {
			isa = XCConfigurationList;
			buildConfigurations = (
				17D7A7EB2A3731FA00844A00 /* Debug */,
				17D7A7EC2A3731FA00844A00 /* Release */,
			);
			defaultConfigurationIsVisible = 0;
			defaultConfigurationName = Release;
		};
/* End XCConfigurationList section */

/* Begin XCRemoteSwiftPackageReference section */
		17449B532A51502E00737F0E /* XCRemoteSwiftPackageReference "firebase-ios-sdk" */ = {
			isa = XCRemoteSwiftPackageReference;
			repositoryURL = "https://github.com/firebase/firebase-ios-sdk";
			requirement = {
				kind = upToNextMajorVersion;
				minimumVersion = 9.0.0;
			};
		};
		17BEFCFB2A38A06800430510 /* XCRemoteSwiftPackageReference "Alamofire" */ = {
			isa = XCRemoteSwiftPackageReference;
			repositoryURL = "https://github.com/Alamofire/Alamofire.git";
			requirement = {
				branch = master;
				kind = branch;
			};
		};
/* End XCRemoteSwiftPackageReference section */

/* Begin XCSwiftPackageProductDependency section */
		17449B552A51588D00737F0E /* FirebaseAuth */ = {
			isa = XCSwiftPackageProductDependency;
			package = 17449B532A51502E00737F0E /* XCRemoteSwiftPackageReference "firebase-ios-sdk" */;
			productName = FirebaseAuth;
		};
		17449B572A5158A000737F0E /* FirebaseStorage */ = {
			isa = XCSwiftPackageProductDependency;
			package = 17449B532A51502E00737F0E /* XCRemoteSwiftPackageReference "firebase-ios-sdk" */;
			productName = FirebaseStorage;
		};
		17449B592A5158A600737F0E /* FirebaseDatabase */ = {
			isa = XCSwiftPackageProductDependency;
			package = 17449B532A51502E00737F0E /* XCRemoteSwiftPackageReference "firebase-ios-sdk" */;
			productName = FirebaseDatabase;
		};
		17A8ADC52A69169100CB9123 /* FirebaseFirestore */ = {
			isa = XCSwiftPackageProductDependency;
			package = 17449B532A51502E00737F0E /* XCRemoteSwiftPackageReference "firebase-ios-sdk" */;
			productName = FirebaseFirestore;
		};
		17BEFCFC2A38A06900430510 /* Alamofire */ = {
			isa = XCSwiftPackageProductDependency;
			package = 17BEFCFB2A38A06800430510 /* XCRemoteSwiftPackageReference "Alamofire" */;
			productName = Alamofire;
		};
/* End XCSwiftPackageProductDependency section */

/* Begin XCVersionGroup section */
		1759A1002A529B2D00284B5D /* Tourist.xcdatamodeld */ = {
			isa = XCVersionGroup;
			children = (
				1759A1012A529B2D00284B5D /* Favorite.xcdatamodel */,
			);
			currentVersion = 1759A1012A529B2D00284B5D /* Favorite.xcdatamodel */;
			path = Tourist.xcdatamodeld;
			sourceTree = "<group>";
			versionGroupType = wrapper.xcdatamodel;
		};
/* End XCVersionGroup section */
	};
	rootObject = 17D7A7CE2A3731F800844A00 /* Project object */;
}
