// !$*UTF8*$!
{
	archiveVersion = 1;
	classes = {
	};
	objectVersion = 56;
	objects = {

/* Begin PBXBuildFile section */
		1736D7452A388E8C003DE43D /* ProfileViewController.swift in Sources */ = {isa = PBXBuildFile; fileRef = 1736D7432A388E8C003DE43D /* ProfileViewController.swift */; };
		1736D7462A388E8C003DE43D /* ProfileViewController.xib in Resources */ = {isa = PBXBuildFile; fileRef = 1736D7442A388E8C003DE43D /* ProfileViewController.xib */; };
		1759B1492A39B298004F0192 /* PlaceListViewModel.swift in Sources */ = {isa = PBXBuildFile; fileRef = 1759B1482A39B298004F0192 /* PlaceListViewModel.swift */; };
		1759B14B2A39B2EA004F0192 /* PlaceViewModel.swift in Sources */ = {isa = PBXBuildFile; fileRef = 1759B14A2A39B2EA004F0192 /* PlaceViewModel.swift */; };
		1759B14D2A39C21A004F0192 /* PlaceCategoryModel.swift in Sources */ = {isa = PBXBuildFile; fileRef = 1759B14C2A39C21A004F0192 /* PlaceCategoryModel.swift */; };
		1759B14F2A39C3EE004F0192 /* PlaceCategoryService.swift in Sources */ = {isa = PBXBuildFile; fileRef = 1759B14E2A39C3EE004F0192 /* PlaceCategoryService.swift */; };
		1759B1562A39EEC3004F0192 /* PlaceCategoryTableViewCell.swift in Sources */ = {isa = PBXBuildFile; fileRef = 1759B1542A39EEC3004F0192 /* PlaceCategoryTableViewCell.swift */; };
		1759B1572A39EEC3004F0192 /* PlaceCategoryTableViewCell.xib in Resources */ = {isa = PBXBuildFile; fileRef = 1759B1552A39EEC3004F0192 /* PlaceCategoryTableViewCell.xib */; };
		176FF0E82A38857D0035157E /* MainTabberViewController.swift in Sources */ = {isa = PBXBuildFile; fileRef = 176FF0E72A38857D0035157E /* MainTabberViewController.swift */; };
		176FF0EB2A3885E20035157E /* PlacesViewController.swift in Sources */ = {isa = PBXBuildFile; fileRef = 176FF0E92A3885E20035157E /* PlacesViewController.swift */; };
		176FF0EC2A3885E20035157E /* PlacesViewController.xib in Resources */ = {isa = PBXBuildFile; fileRef = 176FF0EA2A3885E20035157E /* PlacesViewController.xib */; };
		176FF0EF2A38861A0035157E /* WeatherViewController.swift in Sources */ = {isa = PBXBuildFile; fileRef = 176FF0ED2A38861A0035157E /* WeatherViewController.swift */; };
		176FF0F02A38861A0035157E /* WeatherViewController.xib in Resources */ = {isa = PBXBuildFile; fileRef = 176FF0EE2A38861A0035157E /* WeatherViewController.xib */; };
		17BEFCEB2A389DB600430510 /* Place.swift in Sources */ = {isa = PBXBuildFile; fileRef = 17BEFCEA2A389DB600430510 /* Place.swift */; };
		17BEFCFD2A38A06900430510 /* Alamofire in Frameworks */ = {isa = PBXBuildFile; productRef = 17BEFCFC2A38A06900430510 /* Alamofire */; };
		17BEFCFF2A38BADE00430510 /* PlaceRadiusService.swift in Sources */ = {isa = PBXBuildFile; fileRef = 17BEFCFE2A38BADE00430510 /* PlaceRadiusService.swift */; };
		17BEFD022A38BBCC00430510 /* Urls.swift in Sources */ = {isa = PBXBuildFile; fileRef = 17BEFD012A38BBCC00430510 /* Urls.swift */; };
		17D7A7DA2A3731F800844A00 /* AppDelegate.swift in Sources */ = {isa = PBXBuildFile; fileRef = 17D7A7D92A3731F800844A00 /* AppDelegate.swift */; };
		17D7A7DC2A3731F800844A00 /* SceneDelegate.swift in Sources */ = {isa = PBXBuildFile; fileRef = 17D7A7DB2A3731F800844A00 /* SceneDelegate.swift */; };
		17D7A7E32A3731FA00844A00 /* Assets.xcassets in Resources */ = {isa = PBXBuildFile; fileRef = 17D7A7E22A3731FA00844A00 /* Assets.xcassets */; };
		17D7A7E62A3731FA00844A00 /* LaunchScreen.storyboard in Resources */ = {isa = PBXBuildFile; fileRef = 17D7A7E42A3731FA00844A00 /* LaunchScreen.storyboard */; };
/* End PBXBuildFile section */

/* Begin PBXFileReference section */
		1736D7432A388E8C003DE43D /* ProfileViewController.swift */ = {isa = PBXFileReference; lastKnownFileType = sourcecode.swift; path = ProfileViewController.swift; sourceTree = "<group>"; };
		1736D7442A388E8C003DE43D /* ProfileViewController.xib */ = {isa = PBXFileReference; lastKnownFileType = file.xib; path = ProfileViewController.xib; sourceTree = "<group>"; };
		1759B1482A39B298004F0192 /* PlaceListViewModel.swift */ = {isa = PBXFileReference; lastKnownFileType = sourcecode.swift; path = PlaceListViewModel.swift; sourceTree = "<group>"; };
		1759B14A2A39B2EA004F0192 /* PlaceViewModel.swift */ = {isa = PBXFileReference; lastKnownFileType = sourcecode.swift; path = PlaceViewModel.swift; sourceTree = "<group>"; };
		1759B14C2A39C21A004F0192 /* PlaceCategoryModel.swift */ = {isa = PBXFileReference; lastKnownFileType = sourcecode.swift; path = PlaceCategoryModel.swift; sourceTree = "<group>"; };
		1759B14E2A39C3EE004F0192 /* PlaceCategoryService.swift */ = {isa = PBXFileReference; lastKnownFileType = sourcecode.swift; path = PlaceCategoryService.swift; sourceTree = "<group>"; };
		1759B1542A39EEC3004F0192 /* PlaceCategoryTableViewCell.swift */ = {isa = PBXFileReference; lastKnownFileType = sourcecode.swift; path = PlaceCategoryTableViewCell.swift; sourceTree = "<group>"; };
		1759B1552A39EEC3004F0192 /* PlaceCategoryTableViewCell.xib */ = {isa = PBXFileReference; lastKnownFileType = file.xib; path = PlaceCategoryTableViewCell.xib; sourceTree = "<group>"; };
		176FF0E72A38857D0035157E /* MainTabberViewController.swift */ = {isa = PBXFileReference; lastKnownFileType = sourcecode.swift; path = MainTabberViewController.swift; sourceTree = "<group>"; };
		176FF0E92A3885E20035157E /* PlacesViewController.swift */ = {isa = PBXFileReference; lastKnownFileType = sourcecode.swift; path = PlacesViewController.swift; sourceTree = "<group>"; };
		176FF0EA2A3885E20035157E /* PlacesViewController.xib */ = {isa = PBXFileReference; lastKnownFileType = file.xib; path = PlacesViewController.xib; sourceTree = "<group>"; };
		176FF0ED2A38861A0035157E /* WeatherViewController.swift */ = {isa = PBXFileReference; lastKnownFileType = sourcecode.swift; path = WeatherViewController.swift; sourceTree = "<group>"; };
		176FF0EE2A38861A0035157E /* WeatherViewController.xib */ = {isa = PBXFileReference; lastKnownFileType = file.xib; path = WeatherViewController.xib; sourceTree = "<group>"; };
		17BEFCEA2A389DB600430510 /* Place.swift */ = {isa = PBXFileReference; lastKnownFileType = sourcecode.swift; path = Place.swift; sourceTree = "<group>"; };
		17BEFCFE2A38BADE00430510 /* PlaceRadiusService.swift */ = {isa = PBXFileReference; lastKnownFileType = sourcecode.swift; path = PlaceRadiusService.swift; sourceTree = "<group>"; };
		17BEFD012A38BBCC00430510 /* Urls.swift */ = {isa = PBXFileReference; lastKnownFileType = sourcecode.swift; path = Urls.swift; sourceTree = "<group>"; };
		17D7A7D62A3731F800844A00 /* Tourist.app */ = {isa = PBXFileReference; explicitFileType = wrapper.application; includeInIndex = 0; path = Tourist.app; sourceTree = BUILT_PRODUCTS_DIR; };
		17D7A7D92A3731F800844A00 /* AppDelegate.swift */ = {isa = PBXFileReference; lastKnownFileType = sourcecode.swift; path = AppDelegate.swift; sourceTree = "<group>"; };
		17D7A7DB2A3731F800844A00 /* SceneDelegate.swift */ = {isa = PBXFileReference; lastKnownFileType = sourcecode.swift; path = SceneDelegate.swift; sourceTree = "<group>"; };
		17D7A7E22A3731FA00844A00 /* Assets.xcassets */ = {isa = PBXFileReference; lastKnownFileType = folder.assetcatalog; path = Assets.xcassets; sourceTree = "<group>"; };
		17D7A7E52A3731FA00844A00 /* Base */ = {isa = PBXFileReference; lastKnownFileType = file.storyboard; name = Base; path = Base.lproj/LaunchScreen.storyboard; sourceTree = "<group>"; };
		17D7A7E72A3731FA00844A00 /* Info.plist */ = {isa = PBXFileReference; lastKnownFileType = text.plist.xml; path = Info.plist; sourceTree = "<group>"; };
/* End PBXFileReference section */

/* Begin PBXFrameworksBuildPhase section */
		17D7A7D32A3731F800844A00 /* Frameworks */ = {
			isa = PBXFrameworksBuildPhase;
			buildActionMask = 2147483647;
			files = (
				17BEFCFD2A38A06900430510 /* Alamofire in Frameworks */,
			);
			runOnlyForDeploymentPostprocessing = 0;
		};
/* End PBXFrameworksBuildPhase section */

/* Begin PBXGroup section */
		1736D73F2A388E6C003DE43D /* ProfilePage */ = {
			isa = PBXGroup;
			children = (
				1736D7422A388E7B003DE43D /* ViewModel */,
				1736D7412A388E77003DE43D /* Model */,
				1736D7402A388E72003DE43D /* View */,
			);
			path = ProfilePage;
			sourceTree = "<group>";
		};
		1736D7402A388E72003DE43D /* View */ = {
			isa = PBXGroup;
			children = (
				1736D7432A388E8C003DE43D /* ProfileViewController.swift */,
				1736D7442A388E8C003DE43D /* ProfileViewController.xib */,
			);
			path = View;
			sourceTree = "<group>";
		};
		1736D7412A388E77003DE43D /* Model */ = {
			isa = PBXGroup;
			children = (
			);
			path = Model;
			sourceTree = "<group>";
		};
		1736D7422A388E7B003DE43D /* ViewModel */ = {
			isa = PBXGroup;
			children = (
			);
			path = ViewModel;
			sourceTree = "<group>";
		};
		1736D7472A389057003DE43D /* View */ = {
			isa = PBXGroup;
			children = (
				176FF0E92A3885E20035157E /* PlacesViewController.swift */,
				176FF0EA2A3885E20035157E /* PlacesViewController.xib */,
				1759B1542A39EEC3004F0192 /* PlaceCategoryTableViewCell.swift */,
				1759B1552A39EEC3004F0192 /* PlaceCategoryTableViewCell.xib */,
			);
			path = View;
			sourceTree = "<group>";
		};
		1736D7482A38905C003DE43D /* Model */ = {
			isa = PBXGroup;
			children = (
				17BEFCEA2A389DB600430510 /* Place.swift */,
				1759B14C2A39C21A004F0192 /* PlaceCategoryModel.swift */,
			);
			path = Model;
			sourceTree = "<group>";
		};
		1736D7492A389062003DE43D /* ViewModel */ = {
			isa = PBXGroup;
			children = (
				1759B1482A39B298004F0192 /* PlaceListViewModel.swift */,
				1759B14A2A39B2EA004F0192 /* PlaceViewModel.swift */,
			);
			path = ViewModel;
			sourceTree = "<group>";
		};
		176FF0E62A3885460035157E /* Core */ = {
			isa = PBXGroup;
			children = (
				176FF0E72A38857D0035157E /* MainTabberViewController.swift */,
			);
			path = Core;
			sourceTree = "<group>";
		};
		176FF0F52A3888500035157E /* Helpers */ = {
			isa = PBXGroup;
			children = (
				17D7A7E22A3731FA00844A00 /* Assets.xcassets */,
				17D7A7E42A3731FA00844A00 /* LaunchScreen.storyboard */,
			);
			path = Helpers;
			sourceTree = "<group>";
		};
		176FF0F62A3888660035157E /* PlacesPage */ = {
			isa = PBXGroup;
			children = (
				17BEFCF82A389F5E00430510 /* Service */,
				1736D7482A38905C003DE43D /* Model */,
				1736D7492A389062003DE43D /* ViewModel */,
				1736D7472A389057003DE43D /* View */,
			);
			path = PlacesPage;
			sourceTree = "<group>";
		};
		176FF0F72A38886E0035157E /* WeatherPage */ = {
			isa = PBXGroup;
			children = (
				176FF0ED2A38861A0035157E /* WeatherViewController.swift */,
				176FF0EE2A38861A0035157E /* WeatherViewController.xib */,
			);
			path = WeatherPage;
			sourceTree = "<group>";
		};
		176FF0F92A38888E0035157E /* Extensions */ = {
			isa = PBXGroup;
			children = (
			);
			path = Extensions;
			sourceTree = "<group>";
		};
		17BEFCF82A389F5E00430510 /* Service */ = {
			isa = PBXGroup;
			children = (
				17BEFCFE2A38BADE00430510 /* PlaceRadiusService.swift */,
				1759B14E2A39C3EE004F0192 /* PlaceCategoryService.swift */,
			);
			path = Service;
			sourceTree = "<group>";
		};
		17BEFD002A38BBAF00430510 /* Constants */ = {
			isa = PBXGroup;
			children = (
				17BEFD012A38BBCC00430510 /* Urls.swift */,
			);
			path = Constants;
			sourceTree = "<group>";
		};
		17D7A7CD2A3731F800844A00 = {
			isa = PBXGroup;
			children = (
				17D7A7D82A3731F800844A00 /* Tourist */,
				17D7A7D72A3731F800844A00 /* Products */,
			);
			sourceTree = "<group>";
		};
		17D7A7D72A3731F800844A00 /* Products */ = {
			isa = PBXGroup;
			children = (
				17D7A7D62A3731F800844A00 /* Tourist.app */,
			);
			name = Products;
			sourceTree = "<group>";
		};
		17D7A7D82A3731F800844A00 /* Tourist */ = {
			isa = PBXGroup;
			children = (
				176FF0F62A3888660035157E /* PlacesPage */,
				176FF0F72A38886E0035157E /* WeatherPage */,
				1736D73F2A388E6C003DE43D /* ProfilePage */,
				176FF0F52A3888500035157E /* Helpers */,
				176FF0F92A38888E0035157E /* Extensions */,
				176FF0E62A3885460035157E /* Core */,
				17BEFD002A38BBAF00430510 /* Constants */,
				17D7A7E72A3731FA00844A00 /* Info.plist */,
				17D7A7D92A3731F800844A00 /* AppDelegate.swift */,
				17D7A7DB2A3731F800844A00 /* SceneDelegate.swift */,
			);
			path = Tourist;
			sourceTree = "<group>";
		};
/* End PBXGroup section */

/* Begin PBXNativeTarget section */
		17D7A7D52A3731F800844A00 /* Tourist */ = {
			isa = PBXNativeTarget;
			buildConfigurationList = 17D7A7EA2A3731FA00844A00 /* Build configuration list for PBXNativeTarget "Tourist" */;
			buildPhases = (
				17D7A7D22A3731F800844A00 /* Sources */,
				17D7A7D32A3731F800844A00 /* Frameworks */,
				17D7A7D42A3731F800844A00 /* Resources */,
			);
			buildRules = (
			);
			dependencies = (
			);
			name = Tourist;
			packageProductDependencies = (
				17BEFCFC2A38A06900430510 /* Alamofire */,
			);
			productName = Tourist;
			productReference = 17D7A7D62A3731F800844A00 /* Tourist.app */;
			productType = "com.apple.product-type.application";
		};
/* End PBXNativeTarget section */

/* Begin PBXProject section */
		17D7A7CE2A3731F800844A00 /* Project object */ = {
			isa = PBXProject;
			attributes = {
				BuildIndependentTargetsInParallel = 1;
				LastSwiftUpdateCheck = 1400;
				LastUpgradeCheck = 1400;
				TargetAttributes = {
					17D7A7D52A3731F800844A00 = {
						CreatedOnToolsVersion = 14.0.1;
					};
				};
			};
			buildConfigurationList = 17D7A7D12A3731F800844A00 /* Build configuration list for PBXProject "Tourist" */;
			compatibilityVersion = "Xcode 14.0";
			developmentRegion = en;
			hasScannedForEncodings = 0;
			knownRegions = (
				en,
				Base,
			);
			mainGroup = 17D7A7CD2A3731F800844A00;
			packageReferences = (
				17BEFCFB2A38A06800430510 /* XCRemoteSwiftPackageReference "Alamofire" */,
			);
			productRefGroup = 17D7A7D72A3731F800844A00 /* Products */;
			projectDirPath = "";
			projectRoot = "";
			targets = (
				17D7A7D52A3731F800844A00 /* Tourist */,
			);
		};
/* End PBXProject section */

/* Begin PBXResourcesBuildPhase section */
		17D7A7D42A3731F800844A00 /* Resources */ = {
			isa = PBXResourcesBuildPhase;
			buildActionMask = 2147483647;
			files = (
				176FF0F02A38861A0035157E /* WeatherViewController.xib in Resources */,
				176FF0EC2A3885E20035157E /* PlacesViewController.xib in Resources */,
				17D7A7E62A3731FA00844A00 /* LaunchScreen.storyboard in Resources */,
				1759B1572A39EEC3004F0192 /* PlaceCategoryTableViewCell.xib in Resources */,
				1736D7462A388E8C003DE43D /* ProfileViewController.xib in Resources */,
				17D7A7E32A3731FA00844A00 /* Assets.xcassets in Resources */,
			);
			runOnlyForDeploymentPostprocessing = 0;
		};
/* End PBXResourcesBuildPhase section */

/* Begin PBXSourcesBuildPhase section */
		17D7A7D22A3731F800844A00 /* Sources */ = {
			isa = PBXSourcesBuildPhase;
			buildActionMask = 2147483647;
			files = (
				1736D7452A388E8C003DE43D /* ProfileViewController.swift in Sources */,
				176FF0EF2A38861A0035157E /* WeatherViewController.swift in Sources */,
				1759B1562A39EEC3004F0192 /* PlaceCategoryTableViewCell.swift in Sources */,
				1759B14D2A39C21A004F0192 /* PlaceCategoryModel.swift in Sources */,
				1759B14F2A39C3EE004F0192 /* PlaceCategoryService.swift in Sources */,
				176FF0E82A38857D0035157E /* MainTabberViewController.swift in Sources */,
				17BEFCEB2A389DB600430510 /* Place.swift in Sources */,
				1759B14B2A39B2EA004F0192 /* PlaceViewModel.swift in Sources */,
				17BEFCFF2A38BADE00430510 /* PlaceRadiusService.swift in Sources */,
				1759B1492A39B298004F0192 /* PlaceListViewModel.swift in Sources */,
				176FF0EB2A3885E20035157E /* PlacesViewController.swift in Sources */,
				17D7A7DA2A3731F800844A00 /* AppDelegate.swift in Sources */,
				17D7A7DC2A3731F800844A00 /* SceneDelegate.swift in Sources */,
				17BEFD022A38BBCC00430510 /* Urls.swift in Sources */,
			);
			runOnlyForDeploymentPostprocessing = 0;
		};
/* End PBXSourcesBuildPhase section */

/* Begin PBXVariantGroup section */
		17D7A7E42A3731FA00844A00 /* LaunchScreen.storyboard */ = {
			isa = PBXVariantGroup;
			children = (
				17D7A7E52A3731FA00844A00 /* Base */,
			);
			name = LaunchScreen.storyboard;
			sourceTree = "<group>";
		};
/* End PBXVariantGroup section */

/* Begin XCBuildConfiguration section */
		17D7A7E82A3731FA00844A00 /* Debug */ = {
			isa = XCBuildConfiguration;
			buildSettings = {
				ALWAYS_SEARCH_USER_PATHS = NO;
				CLANG_ANALYZER_NONNULL = YES;
				CLANG_ANALYZER_NUMBER_OBJECT_CONVERSION = YES_AGGRESSIVE;
				CLANG_CXX_LANGUAGE_STANDARD = "gnu++20";
				CLANG_ENABLE_MODULES = YES;
				CLANG_ENABLE_OBJC_ARC = YES;
				CLANG_ENABLE_OBJC_WEAK = YES;
				CLANG_WARN_BLOCK_CAPTURE_AUTORELEASING = YES;
				CLANG_WARN_BOOL_CONVERSION = YES;
				CLANG_WARN_COMMA = YES;
				CLANG_WARN_CONSTANT_CONVERSION = YES;
				CLANG_WARN_DEPRECATED_OBJC_IMPLEMENTATIONS = YES;
				CLANG_WARN_DIRECT_OBJC_ISA_USAGE = YES_ERROR;
				CLANG_WARN_DOCUMENTATION_COMMENTS = YES;
				CLANG_WARN_EMPTY_BODY = YES;
				CLANG_WARN_ENUM_CONVERSION = YES;
				CLANG_WARN_INFINITE_RECURSION = YES;
				CLANG_WARN_INT_CONVERSION = YES;
				CLANG_WARN_NON_LITERAL_NULL_CONVERSION = YES;
				CLANG_WARN_OBJC_IMPLICIT_RETAIN_SELF = YES;
				CLANG_WARN_OBJC_LITERAL_CONVERSION = YES;
				CLANG_WARN_OBJC_ROOT_CLASS = YES_ERROR;
				CLANG_WARN_QUOTED_INCLUDE_IN_FRAMEWORK_HEADER = YES;
				CLANG_WARN_RANGE_LOOP_ANALYSIS = YES;
				CLANG_WARN_STRICT_PROTOTYPES = YES;
				CLANG_WARN_SUSPICIOUS_MOVE = YES;
				CLANG_WARN_UNGUARDED_AVAILABILITY = YES_AGGRESSIVE;
				CLANG_WARN_UNREACHABLE_CODE = YES;
				CLANG_WARN__DUPLICATE_METHOD_MATCH = YES;
				COPY_PHASE_STRIP = NO;
				DEBUG_INFORMATION_FORMAT = dwarf;
				ENABLE_STRICT_OBJC_MSGSEND = YES;
				ENABLE_TESTABILITY = YES;
				GCC_C_LANGUAGE_STANDARD = gnu11;
				GCC_DYNAMIC_NO_PIC = NO;
				GCC_NO_COMMON_BLOCKS = YES;
				GCC_OPTIMIZATION_LEVEL = 0;
				GCC_PREPROCESSOR_DEFINITIONS = (
					"DEBUG=1",
					"$(inherited)",
				);
				GCC_WARN_64_TO_32_BIT_CONVERSION = YES;
				GCC_WARN_ABOUT_RETURN_TYPE = YES_ERROR;
				GCC_WARN_UNDECLARED_SELECTOR = YES;
				GCC_WARN_UNINITIALIZED_AUTOS = YES_AGGRESSIVE;
				GCC_WARN_UNUSED_FUNCTION = YES;
				GCC_WARN_UNUSED_VARIABLE = YES;
				IPHONEOS_DEPLOYMENT_TARGET = 16.0;
				MTL_ENABLE_DEBUG_INFO = INCLUDE_SOURCE;
				MTL_FAST_MATH = YES;
				ONLY_ACTIVE_ARCH = YES;
				SDKROOT = iphoneos;
				SWIFT_ACTIVE_COMPILATION_CONDITIONS = DEBUG;
				SWIFT_OPTIMIZATION_LEVEL = "-Onone";
			};
			name = Debug;
		};
		17D7A7E92A3731FA00844A00 /* Release */ = {
			isa = XCBuildConfiguration;
			buildSettings = {
				ALWAYS_SEARCH_USER_PATHS = NO;
				CLANG_ANALYZER_NONNULL = YES;
				CLANG_ANALYZER_NUMBER_OBJECT_CONVERSION = YES_AGGRESSIVE;
				CLANG_CXX_LANGUAGE_STANDARD = "gnu++20";
				CLANG_ENABLE_MODULES = YES;
				CLANG_ENABLE_OBJC_ARC = YES;
				CLANG_ENABLE_OBJC_WEAK = YES;
				CLANG_WARN_BLOCK_CAPTURE_AUTORELEASING = YES;
				CLANG_WARN_BOOL_CONVERSION = YES;
				CLANG_WARN_COMMA = YES;
				CLANG_WARN_CONSTANT_CONVERSION = YES;
				CLANG_WARN_DEPRECATED_OBJC_IMPLEMENTATIONS = YES;
				CLANG_WARN_DIRECT_OBJC_ISA_USAGE = YES_ERROR;
				CLANG_WARN_DOCUMENTATION_COMMENTS = YES;
				CLANG_WARN_EMPTY_BODY = YES;
				CLANG_WARN_ENUM_CONVERSION = YES;
				CLANG_WARN_INFINITE_RECURSION = YES;
				CLANG_WARN_INT_CONVERSION = YES;
				CLANG_WARN_NON_LITERAL_NULL_CONVERSION = YES;
				CLANG_WARN_OBJC_IMPLICIT_RETAIN_SELF = YES;
				CLANG_WARN_OBJC_LITERAL_CONVERSION = YES;
				CLANG_WARN_OBJC_ROOT_CLASS = YES_ERROR;
				CLANG_WARN_QUOTED_INCLUDE_IN_FRAMEWORK_HEADER = YES;
				CLANG_WARN_RANGE_LOOP_ANALYSIS = YES;
				CLANG_WARN_STRICT_PROTOTYPES = YES;
				CLANG_WARN_SUSPICIOUS_MOVE = YES;
				CLANG_WARN_UNGUARDED_AVAILABILITY = YES_AGGRESSIVE;
				CLANG_WARN_UNREACHABLE_CODE = YES;
				CLANG_WARN__DUPLICATE_METHOD_MATCH = YES;
				COPY_PHASE_STRIP = NO;
				DEBUG_INFORMATION_FORMAT = "dwarf-with-dsym";
				ENABLE_NS_ASSERTIONS = NO;
				ENABLE_STRICT_OBJC_MSGSEND = YES;
				GCC_C_LANGUAGE_STANDARD = gnu11;
				GCC_NO_COMMON_BLOCKS = YES;
				GCC_WARN_64_TO_32_BIT_CONVERSION = YES;
				GCC_WARN_ABOUT_RETURN_TYPE = YES_ERROR;
				GCC_WARN_UNDECLARED_SELECTOR = YES;
				GCC_WARN_UNINITIALIZED_AUTOS = YES_AGGRESSIVE;
				GCC_WARN_UNUSED_FUNCTION = YES;
				GCC_WARN_UNUSED_VARIABLE = YES;
				IPHONEOS_DEPLOYMENT_TARGET = 16.0;
				MTL_ENABLE_DEBUG_INFO = NO;
				MTL_FAST_MATH = YES;
				SDKROOT = iphoneos;
				SWIFT_COMPILATION_MODE = wholemodule;
				SWIFT_OPTIMIZATION_LEVEL = "-O";
				VALIDATE_PRODUCT = YES;
			};
			name = Release;
		};
		17D7A7EB2A3731FA00844A00 /* Debug */ = {
			isa = XCBuildConfiguration;
			buildSettings = {
				ASSETCATALOG_COMPILER_APPICON_NAME = AppIcon;
				ASSETCATALOG_COMPILER_GLOBAL_ACCENT_COLOR_NAME = AccentColor;
				CODE_SIGN_STYLE = Automatic;
				CURRENT_PROJECT_VERSION = 1;
				DEVELOPMENT_TEAM = UD84BLAXT6;
				GENERATE_INFOPLIST_FILE = YES;
				INFOPLIST_FILE = Tourist/Info.plist;
				INFOPLIST_KEY_UIApplicationSupportsIndirectInputEvents = YES;
				INFOPLIST_KEY_UILaunchStoryboardName = LaunchScreen;
				INFOPLIST_KEY_UISupportedInterfaceOrientations_iPad = "UIInterfaceOrientationPortrait UIInterfaceOrientationPortraitUpsideDown UIInterfaceOrientationLandscapeLeft UIInterfaceOrientationLandscapeRight";
				INFOPLIST_KEY_UISupportedInterfaceOrientations_iPhone = "UIInterfaceOrientationPortrait UIInterfaceOrientationLandscapeLeft UIInterfaceOrientationLandscapeRight";
				LD_RUNPATH_SEARCH_PATHS = (
					"$(inherited)",
					"@executable_path/Frameworks",
				);
				MARKETING_VERSION = 1.0;
				PRODUCT_BUNDLE_IDENTIFIER = com.kiliclimehmetali.Tourist;
				PRODUCT_NAME = "$(TARGET_NAME)";
				SWIFT_EMIT_LOC_STRINGS = YES;
				SWIFT_VERSION = 5.0;
				TARGETED_DEVICE_FAMILY = "1,2";
			};
			name = Debug;
		};
		17D7A7EC2A3731FA00844A00 /* Release */ = {
			isa = XCBuildConfiguration;
			buildSettings = {
				ASSETCATALOG_COMPILER_APPICON_NAME = AppIcon;
				ASSETCATALOG_COMPILER_GLOBAL_ACCENT_COLOR_NAME = AccentColor;
				CODE_SIGN_STYLE = Automatic;
				CURRENT_PROJECT_VERSION = 1;
				DEVELOPMENT_TEAM = UD84BLAXT6;
				GENERATE_INFOPLIST_FILE = YES;
				INFOPLIST_FILE = Tourist/Info.plist;
				INFOPLIST_KEY_UIApplicationSupportsIndirectInputEvents = YES;
				INFOPLIST_KEY_UILaunchStoryboardName = LaunchScreen;
				INFOPLIST_KEY_UISupportedInterfaceOrientations_iPad = "UIInterfaceOrientationPortrait UIInterfaceOrientationPortraitUpsideDown UIInterfaceOrientationLandscapeLeft UIInterfaceOrientationLandscapeRight";
				INFOPLIST_KEY_UISupportedInterfaceOrientations_iPhone = "UIInterfaceOrientationPortrait UIInterfaceOrientationLandscapeLeft UIInterfaceOrientationLandscapeRight";
				LD_RUNPATH_SEARCH_PATHS = (
					"$(inherited)",
					"@executable_path/Frameworks",
				);
				MARKETING_VERSION = 1.0;
				PRODUCT_BUNDLE_IDENTIFIER = com.kiliclimehmetali.Tourist;
				PRODUCT_NAME = "$(TARGET_NAME)";
				SWIFT_EMIT_LOC_STRINGS = YES;
				SWIFT_VERSION = 5.0;
				TARGETED_DEVICE_FAMILY = "1,2";
			};
			name = Release;
		};
/* End XCBuildConfiguration section */

/* Begin XCConfigurationList section */
		17D7A7D12A3731F800844A00 /* Build configuration list for PBXProject "Tourist" */ = {
			isa = XCConfigurationList;
			buildConfigurations = (
				17D7A7E82A3731FA00844A00 /* Debug */,
				17D7A7E92A3731FA00844A00 /* Release */,
			);
			defaultConfigurationIsVisible = 0;
			defaultConfigurationName = Release;
		};
		17D7A7EA2A3731FA00844A00 /* Build configuration list for PBXNativeTarget "Tourist" */ = {
			isa = XCConfigurationList;
			buildConfigurations = (
				17D7A7EB2A3731FA00844A00 /* Debug */,
				17D7A7EC2A3731FA00844A00 /* Release */,
			);
			defaultConfigurationIsVisible = 0;
			defaultConfigurationName = Release;
		};
/* End XCConfigurationList section */

/* Begin XCRemoteSwiftPackageReference section */
		17BEFCFB2A38A06800430510 /* XCRemoteSwiftPackageReference "Alamofire" */ = {
			isa = XCRemoteSwiftPackageReference;
			repositoryURL = "https://github.com/Alamofire/Alamofire.git";
			requirement = {
				branch = master;
				kind = branch;
			};
		};
/* End XCRemoteSwiftPackageReference section */

/* Begin XCSwiftPackageProductDependency section */
		17BEFCFC2A38A06900430510 /* Alamofire */ = {
			isa = XCSwiftPackageProductDependency;
			package = 17BEFCFB2A38A06800430510 /* XCRemoteSwiftPackageReference "Alamofire" */;
			productName = Alamofire;
		};
/* End XCSwiftPackageProductDependency section */
	};
	rootObject = 17D7A7CE2A3731F800844A00 /* Project object */;
}
